// !$*UTF8*$!
{
	archiveVersion = 1;
	classes = {
	};
	objectVersion = 50;
	objects = {

/* Begin PBXBuildFile section */
		249F7FAF2249EC2900F4422A /* AppDelegate.swift in Sources */ = {isa = PBXBuildFile; fileRef = 249F7FAE2249EC2900F4422A /* AppDelegate.swift */; };
		249F7FB12249EC2900F4422A /* ViewController.swift in Sources */ = {isa = PBXBuildFile; fileRef = 249F7FB02249EC2900F4422A /* ViewController.swift */; };
		249F7FB42249EC2900F4422A /* Main.storyboard in Resources */ = {isa = PBXBuildFile; fileRef = 249F7FB22249EC2900F4422A /* Main.storyboard */; };
		249F7FB62249EC2B00F4422A /* Assets.xcassets in Resources */ = {isa = PBXBuildFile; fileRef = 249F7FB52249EC2B00F4422A /* Assets.xcassets */; };
		249F7FB92249EC2B00F4422A /* LaunchScreen.storyboard in Resources */ = {isa = PBXBuildFile; fileRef = 249F7FB72249EC2B00F4422A /* LaunchScreen.storyboard */; };
		249F7FC52249F2C500F4422A /* frame3.png in Resources */ = {isa = PBXBuildFile; fileRef = 249F7FC02249F2C400F4422A /* frame3.png */; };
		249F7FC62249F2C500F4422A /* frame1.png in Resources */ = {isa = PBXBuildFile; fileRef = 249F7FC12249F2C400F4422A /* frame1.png */; };
		249F7FC72249F2C500F4422A /* frame2.png in Resources */ = {isa = PBXBuildFile; fileRef = 249F7FC22249F2C400F4422A /* frame2.png */; };
		249F7FC82249F2C500F4422A /* frame4.png in Resources */ = {isa = PBXBuildFile; fileRef = 249F7FC32249F2C400F4422A /* frame4.png */; };
		249F7FC92249F2C500F4422A /* frame5.png in Resources */ = {isa = PBXBuildFile; fileRef = 249F7FC42249F2C500F4422A /* frame5.png */; };
/* End PBXBuildFile section */

/* Begin PBXFileReference section */
		249F7FAB2249EC2900F4422A /* imageview.app */ = {isa = PBXFileReference; explicitFileType = wrapper.application; includeInIndex = 0; path = imageview.app; sourceTree = BUILT_PRODUCTS_DIR; };
		249F7FAE2249EC2900F4422A /* AppDelegate.swift */ = {isa = PBXFileReference; lastKnownFileType = sourcecode.swift; path = AppDelegate.swift; sourceTree = "<group>"; };
		249F7FB02249EC2900F4422A /* ViewController.swift */ = {isa = PBXFileReference; lastKnownFileType = sourcecode.swift; path = ViewController.swift; sourceTree = "<group>"; };
		249F7FB32249EC2900F4422A /* Base */ = {isa = PBXFileReference; lastKnownFileType = file.storyboard; name = Base; path = Base.lproj/Main.storyboard; sourceTree = "<group>"; };
		249F7FB52249EC2B00F4422A /* Assets.xcassets */ = {isa = PBXFileReference; lastKnownFileType = folder.assetcatalog; path = Assets.xcassets; sourceTree = "<group>"; };
		249F7FB82249EC2B00F4422A /* Base */ = {isa = PBXFileReference; lastKnownFileType = file.storyboard; name = Base; path = Base.lproj/LaunchScreen.storyboard; sourceTree = "<group>"; };
		249F7FBA2249EC2B00F4422A /* Info.plist */ = {isa = PBXFileReference; lastKnownFileType = text.plist.xml; path = Info.plist; sourceTree = "<group>"; };
		249F7FC02249F2C400F4422A /* frame3.png */ = {isa = PBXFileReference; lastKnownFileType = image.png; path = frame3.png; sourceTree = "<group>"; };
		249F7FC12249F2C400F4422A /* frame1.png */ = {isa = PBXFileReference; lastKnownFileType = image.png; path = frame1.png; sourceTree = "<group>"; };
		249F7FC22249F2C400F4422A /* frame2.png */ = {isa = PBXFileReference; lastKnownFileType = image.png; path = frame2.png; sourceTree = "<group>"; };
		249F7FC32249F2C400F4422A /* frame4.png */ = {isa = PBXFileReference; lastKnownFileType = image.png; path = frame4.png; sourceTree = "<group>"; };
		249F7FC42249F2C500F4422A /* frame5.png */ = {isa = PBXFileReference; lastKnownFileType = image.png; path = frame5.png; sourceTree = "<group>"; };
/* End PBXFileReference section */

/* Begin PBXFrameworksBuildPhase section */
		249F7FA82249EC2900F4422A /* Frameworks */ = {
			isa = PBXFrameworksBuildPhase;
			buildActionMask = 2147483647;
			files = (
			);
			runOnlyForDeploymentPostprocessing = 0;
		};
/* End PBXFrameworksBuildPhase section */

/* Begin PBXGroup section */
		249F7FA22249EC2900F4422A = {
			isa = PBXGroup;
			children = (
				249F7FAD2249EC2900F4422A /* imageview */,
				249F7FAC2249EC2900F4422A /* Products */,
			);
			sourceTree = "<group>";
		};
		249F7FAC2249EC2900F4422A /* Products */ = {
			isa = PBXGroup;
			children = (
				249F7FAB2249EC2900F4422A /* imageview.app */,
			);
			name = Products;
			sourceTree = "<group>";
		};
		249F7FAD2249EC2900F4422A /* imageview */ = {
			isa = PBXGroup;
			children = (
				249F7FC12249F2C400F4422A /* frame1.png */,
				249F7FC22249F2C400F4422A /* frame2.png */,
				249F7FC02249F2C400F4422A /* frame3.png */,
				249F7FC32249F2C400F4422A /* frame4.png */,
				249F7FC42249F2C500F4422A /* frame5.png */,
				249F7FAE2249EC2900F4422A /* AppDelegate.swift */,
				249F7FB02249EC2900F4422A /* ViewController.swift */,
				249F7FB22249EC2900F4422A /* Main.storyboard */,
				249F7FB52249EC2B00F4422A /* Assets.xcassets */,
				249F7FB72249EC2B00F4422A /* LaunchScreen.storyboard */,
				249F7FBA2249EC2B00F4422A /* Info.plist */,
			);
			path = imageview;
			sourceTree = "<group>";
		};
/* End PBXGroup section */

/* Begin PBXNativeTarget section */
		249F7FAA2249EC2900F4422A /* imageview */ = {
			isa = PBXNativeTarget;
			buildConfigurationList = 249F7FBD2249EC2B00F4422A /* Build configuration list for PBXNativeTarget "imageview" */;
			buildPhases = (
				249F7FA72249EC2900F4422A /* Sources */,
				249F7FA82249EC2900F4422A /* Frameworks */,
				249F7FA92249EC2900F4422A /* Resources */,
			);
			buildRules = (
			);
			dependencies = (
			);
			name = imageview;
			productName = imageview;
			productReference = 249F7FAB2249EC2900F4422A /* imageview.app */;
			productType = "com.apple.product-type.application";
		};
/* End PBXNativeTarget section */

/* Begin PBXProject section */
		249F7FA32249EC2900F4422A /* Project object */ = {
			isa = PBXProject;
			attributes = {
				LastSwiftUpdateCheck = 1010;
				LastUpgradeCheck = 1010;
				ORGANIZATIONNAME = sin;
				TargetAttributes = {
					249F7FAA2249EC2900F4422A = {
						CreatedOnToolsVersion = 10.1;
					};
				};
			};
			buildConfigurationList = 249F7FA62249EC2900F4422A /* Build configuration list for PBXProject "imageview" */;
			compatibilityVersion = "Xcode 9.3";
			developmentRegion = en;
			hasScannedForEncodings = 0;
			knownRegions = (
				en,
				Base,
			);
			mainGroup = 249F7FA22249EC2900F4422A;
			productRefGroup = 249F7FAC2249EC2900F4422A /* Products */;
			projectDirPath = "";
			projectRoot = "";
			targets = (
				249F7FAA2249EC2900F4422A /* imageview */,
			);
		};
/* End PBXProject section */

/* Begin PBXResourcesBuildPhase section */
		249F7FA92249EC2900F4422A /* Resources */ = {
			isa = PBXResourcesBuildPhase;
			buildActionMask = 2147483647;
			files = (
				249F7FC62249F2C500F4422A /* frame1.png in Resources */,
				249F7FB92249EC2B00F4422A /* LaunchScreen.storyboard in Resources */,
				249F7FC82249F2C500F4422A /* frame4.png in Resources */,
				249F7FC72249F2C500F4422A /* frame2.png in Resources */,
				249F7FB62249EC2B00F4422A /* Assets.xcassets in Resources */,
				249F7FC92249F2C500F4422A /* frame5.png in Resources */,
				249F7FB42249EC2900F4422A /* Main.storyboard in Resources */,
				249F7FC52249F2C500F4422A /* frame3.png in Resources */,
			);
			runOnlyForDeploymentPostprocessing = 0;
		};
/* End PBXResourcesBuildPhase section */

/* Begin PBXSourcesBuildPhase section */
		249F7FA72249EC2900F4422A /* Sources */ = {
			isa = PBXSourcesBuildPhase;
			buildActionMask = 2147483647;
			files = (
				249F7FB12249EC2900F4422A /* ViewController.swift in Sources */,
				249F7FAF2249EC2900F4422A /* AppDelegate.swift in Sources */,
			);
			runOnlyForDeploymentPostprocessing = 0;
		};
/* End PBXSourcesBuildPhase section */

/* Begin PBXVariantGroup section */
		249F7FB22249EC2900F4422A /* Main.storyboard */ = {
			isa = PBXVariantGroup;
			children = (
				249F7FB32249EC2900F4422A /* Base */,
			);
			name = Main.storyboard;
			sourceTree = "<group>";
		};
		249F7FB72249EC2B00F4422A /* LaunchScreen.storyboard */ = {
			isa = PBXVariantGroup;
			children = (
				249F7FB82249EC2B00F4422A /* Base */,
			);
			name = LaunchScreen.storyboard;
			sourceTree = "<group>";
		};
/* End PBXVariantGroup section */

/* Begin XCBuildConfiguration section */
		249F7FBB2249EC2B00F4422A /* Debug */ = {
			isa = XCBuildConfiguration;
			buildSettings = {
				ALWAYS_SEARCH_USER_PATHS = NO;
				CLANG_ANALYZER_NONNULL = YES;
				CLANG_ANALYZER_NUMBER_OBJECT_CONVERSION = YES_AGGRESSIVE;
				CLANG_CXX_LANGUAGE_STANDARD = "gnu++14";
				CLANG_CXX_LIBRARY = "libc++";
				CLANG_ENABLE_MODULES = YES;
				CLANG_ENABLE_OBJC_ARC = YES;
				CLANG_ENABLE_OBJC_WEAK = YES;
				CLANG_WARN_BLOCK_CAPTURE_AUTORELEASING = YES;
				CLANG_WARN_BOOL_CONVERSION = YES;
				CLANG_WARN_COMMA = YES;
				CLANG_WARN_CONSTANT_CONVERSION = YES;
				CLANG_WARN_DEPRECATED_OBJC_IMPLEMENTATIONS = YES;
				CLANG_WARN_DIRECT_OBJC_ISA_USAGE = YES_ERROR;
				CLANG_WARN_DOCUMENTATION_COMMENTS = YES;
				CLANG_WARN_EMPTY_BODY = YES;
				CLANG_WARN_ENUM_CONVERSION = YES;
				CLANG_WARN_INFINITE_RECURSION = YES;
				CLANG_WARN_INT_CONVERSION = YES;
				CLANG_WARN_NON_LITERAL_NULL_CONVERSION = YES;
				CLANG_WARN_OBJC_IMPLICIT_RETAIN_SELF = YES;
				CLANG_WARN_OBJC_LITERAL_CONVERSION = YES;
				CLANG_WARN_OBJC_ROOT_CLASS = YES_ERROR;
				CLANG_WARN_RANGE_LOOP_ANALYSIS = YES;
				CLANG_WARN_STRICT_PROTOTYPES = YES;
				CLANG_WARN_SUSPICIOUS_MOVE = YES;
				CLANG_WARN_UNGUARDED_AVAILABILITY = YES_AGGRESSIVE;
				CLANG_WARN_UNREACHABLE_CODE = YES;
				CLANG_WARN__DUPLICATE_METHOD_MATCH = YES;
				CODE_SIGN_IDENTITY = "iPhone Developer";
				COPY_PHASE_STRIP = NO;
				DEBUG_INFORMATION_FORMAT = dwarf;
				ENABLE_STRICT_OBJC_MSGSEND = YES;
				ENABLE_TESTABILITY = YES;
				GCC_C_LANGUAGE_STANDARD = gnu11;
				GCC_DYNAMIC_NO_PIC = NO;
				GCC_NO_COMMON_BLOCKS = YES;
				GCC_OPTIMIZATION_LEVEL = 0;
				GCC_PREPROCESSOR_DEFINITIONS = (
					"DEBUG=1",
					"$(inherited)",
				);
				GCC_WARN_64_TO_32_BIT_CONVERSION = YES;
				GCC_WARN_ABOUT_RETURN_TYPE = YES_ERROR;
				GCC_WARN_UNDECLARED_SELECTOR = YES;
				GCC_WARN_UNINITIALIZED_AUTOS = YES_AGGRESSIVE;
				GCC_WARN_UNUSED_FUNCTION = YES;
				GCC_WARN_UNUSED_VARIABLE = YES;
				IPHONEOS_DEPLOYMENT_TARGET = 12.1;
				MTL_ENABLE_DEBUG_INFO = INCLUDE_SOURCE;
				MTL_FAST_MATH = YES;
				ONLY_ACTIVE_ARCH = YES;
				SDKROOT = iphoneos;
				SWIFT_ACTIVE_COMPILATION_CONDITIONS = DEBUG;
				SWIFT_OPTIMIZATION_LEVEL = "-Onone";
			};
			name = Debug;
		};
		249F7FBC2249EC2B00F4422A /* Release */ = {
			isa = XCBuildConfiguration;
			buildSettings = {
				ALWAYS_SEARCH_USER_PATHS = NO;
				CLANG_ANALYZER_NONNULL = YES;
				CLANG_ANALYZER_NUMBER_OBJECT_CONVERSION = YES_AGGRESSIVE;
				CLANG_CXX_LANGUAGE_STANDARD = "gnu++14";
				CLANG_CXX_LIBRARY = "libc++";
				CLANG_ENABLE_MODULES = YES;
				CLANG_ENABLE_OBJC_ARC = YES;
				CLANG_ENABLE_OBJC_WEAK = YES;
				CLANG_WARN_BLOCK_CAPTURE_AUTORELEASING = YES;
				CLANG_WARN_BOOL_CONVERSION = YES;
				CLANG_WARN_COMMA = YES;
				CLANG_WARN_CONSTANT_CONVERSION = YES;
				CLANG_WARN_DEPRECATED_OBJC_IMPLEMENTATIONS = YES;
				CLANG_WARN_DIRECT_OBJC_ISA_USAGE = YES_ERROR;
				CLANG_WARN_DOCUMENTATION_COMMENTS = YES;
				CLANG_WARN_EMPTY_BODY = YES;
				CLANG_WARN_ENUM_CONVERSION = YES;
				CLANG_WARN_INFINITE_RECURSION = YES;
				CLANG_WARN_INT_CONVERSION = YES;
				CLANG_WARN_NON_LITERAL_NULL_CONVERSION = YES;
				CLANG_WARN_OBJC_IMPLICIT_RETAIN_SELF = YES;
				CLANG_WARN_OBJC_LITERAL_CONVERSION = YES;
				CLANG_WARN_OBJC_ROOT_CLASS = YES_ERROR;
				CLANG_WARN_RANGE_LOOP_ANALYSIS = YES;
				CLANG_WARN_STRICT_PROTOTYPES = YES;
				CLANG_WARN_SUSPICIOUS_MOVE = YES;
				CLANG_WARN_UNGUARDED_AVAILABILITY = YES_AGGRESSIVE;
				CLANG_WARN_UNREACHABLE_CODE = YES;
				CLANG_WARN__DUPLICATE_METHOD_MATCH = YES;
				CODE_SIGN_IDENTITY = "iPhone Developer";
				COPY_PHASE_STRIP = NO;
				DEBUG_INFORMATION_FORMAT = "dwarf-with-dsym";
				ENABLE_NS_ASSERTIONS = NO;
				ENABLE_STRICT_OBJC_MSGSEND = YES;
				GCC_C_LANGUAGE_STANDARD = gnu11;
				GCC_NO_COMMON_BLOCKS = YES;
				GCC_WARN_64_TO_32_BIT_CONVERSION = YES;
				GCC_WARN_ABOUT_RETURN_TYPE = YES_ERROR;
				GCC_WARN_UNDECLARED_SELECTOR = YES;
				GCC_WARN_UNINITIALIZED_AUTOS = YES_AGGRESSIVE;
				GCC_WARN_UNUSED_FUNCTION = YES;
				GCC_WARN_UNUSED_VARIABLE = YES;
				IPHONEOS_DEPLOYMENT_TARGET = 12.1;
				MTL_ENABLE_DEBUG_INFO = NO;
				MTL_FAST_MATH = YES;
				SDKROOT = iphoneos;
				SWIFT_COMPILATION_MODE = wholemodule;
				SWIFT_OPTIMIZATION_LEVEL = "-O";
				VALIDATE_PRODUCT = YES;
			};
			name = Release;
		};
		249F7FBE2249EC2B00F4422A /* Debug */ = {
			isa = XCBuildConfiguration;
			buildSettings = {
				ASSETCATALOG_COMPILER_APPICON_NAME = AppIcon;
				CODE_SIGN_STYLE = Automatic;
				INFOPLIST_FILE = imageview/Info.plist;
				LD_RUNPATH_SEARCH_PATHS = (
					"$(inherited)",
					"@executable_path/Frameworks",
				);
				PRODUCT_BUNDLE_IDENTIFIER = "-01860317.imageview";
				PRODUCT_NAME = "$(TARGET_NAME)";
				SWIFT_VERSION = 4.2;
				TARGETED_DEVICE_FAMILY = "1,2";
			};
			name = Debug;
		};
		249F7FBF2249EC2B00F4422A /* Release */ = {
			isa = XCBuildConfiguration;
			buildSettings = {
				ASSETCATALOG_COMPILER_APPICON_NAME = AppIcon;
				CODE_SIGN_STYLE = Automatic;
				INFOPLIST_FILE = imageview/Info.plist;
				LD_RUNPATH_SEARCH_PATHS = (
					"$(inherited)",
					"@executable_path/Frameworks",
				);
				PRODUCT_BUNDLE_IDENTIFIER = "-01860317.imageview";
				PRODUCT_NAME = "$(TARGET_NAME)";
				SWIFT_VERSION = 4.2;
				TARGETED_DEVICE_FAMILY = "1,2";
			};
			name = Release;
		};
/* End XCBuildConfiguration section */

/* Begin XCConfigurationList section */
		249F7FA62249EC2900F4422A /* Build configuration list for PBXProject "imageview" */ = {
			isa = XCConfigurationList;
			buildConfigurations = (
				249F7FBB2249EC2B00F4422A /* Debug */,
				249F7FBC2249EC2B00F4422A /* Release */,
			);
			defaultConfigurationIsVisible = 0;
			defaultConfigurationName = Release;
		};
		249F7FBD2249EC2B00F4422A /* Build configuration list for PBXNativeTarget "imageview" */ = {
			isa = XCConfigurationList;
			buildConfigurations = (
				249F7FBE2249EC2B00F4422A /* Debug */,
				249F7FBF2249EC2B00F4422A /* Release */,
			);
			defaultConfigurationIsVisible = 0;
			defaultConfigurationName = Release;
		};
/* End XCConfigurationList section */
	};
	rootObject = 249F7FA32249EC2900F4422A /* Project object */;
}
